// !$*UTF8*$!
{
	archiveVersion = 1;
	classes = {
	};
	objectVersion = 46;
	objects = {

/* Begin PBXBuildFile section */
		F193C8271D48415B0018640D /* FactModel.swift in Sources */ = {isa = PBXBuildFile; fileRef = F193C8261D48415B0018640D /* FactModel.swift */; };
		F193C8291D494B480018640D /* ColorModel.swift in Sources */ = {isa = PBXBuildFile; fileRef = F193C8281D494B480018640D /* ColorModel.swift */; };
		F1DB30FE1D42D3DD00C7B75C /* AppDelegate.swift in Sources */ = {isa = PBXBuildFile; fileRef = F1DB30FD1D42D3DD00C7B75C /* AppDelegate.swift */; };
		F1DB31001D42D3DD00C7B75C /* ViewController.swift in Sources */ = {isa = PBXBuildFile; fileRef = F1DB30FF1D42D3DD00C7B75C /* ViewController.swift */; };
		F1DB31031D42D3DD00C7B75C /* Main.storyboard in Resources */ = {isa = PBXBuildFile; fileRef = F1DB31011D42D3DD00C7B75C /* Main.storyboard */; };
		F1DB31051D42D3DD00C7B75C /* Assets.xcassets in Resources */ = {isa = PBXBuildFile; fileRef = F1DB31041D42D3DD00C7B75C /* Assets.xcassets */; };
		F1DB31081D42D3DD00C7B75C /* LaunchScreen.storyboard in Resources */ = {isa = PBXBuildFile; fileRef = F1DB31061D42D3DD00C7B75C /* LaunchScreen.storyboard */; };
/* End PBXBuildFile section */

/* Begin PBXFileReference section */
		F193C8261D48415B0018640D /* FactModel.swift */ = {isa = PBXFileReference; fileEncoding = 4; lastKnownFileType = sourcecode.swift; path = FactModel.swift; sourceTree = "<group>"; };
		F193C8281D494B480018640D /* ColorModel.swift */ = {isa = PBXFileReference; fileEncoding = 4; lastKnownFileType = sourcecode.swift; path = ColorModel.swift; sourceTree = "<group>"; };
		F1DB30FA1D42D3DD00C7B75C /* FunFacts.app */ = {isa = PBXFileReference; explicitFileType = wrapper.application; includeInIndex = 0; path = FunFacts.app; sourceTree = BUILT_PRODUCTS_DIR; };
		F1DB30FD1D42D3DD00C7B75C /* AppDelegate.swift */ = {isa = PBXFileReference; lastKnownFileType = sourcecode.swift; path = AppDelegate.swift; sourceTree = "<group>"; };
		F1DB30FF1D42D3DD00C7B75C /* ViewController.swift */ = {isa = PBXFileReference; lastKnownFileType = sourcecode.swift; path = ViewController.swift; sourceTree = "<group>"; };
		F1DB31021D42D3DD00C7B75C /* Base */ = {isa = PBXFileReference; lastKnownFileType = file.storyboard; name = Base; path = Base.lproj/Main.storyboard; sourceTree = "<group>"; };
		F1DB31041D42D3DD00C7B75C /* Assets.xcassets */ = {isa = PBXFileReference; lastKnownFileType = folder.assetcatalog; path = Assets.xcassets; sourceTree = "<group>"; };
		F1DB31071D42D3DD00C7B75C /* Base */ = {isa = PBXFileReference; lastKnownFileType = file.storyboard; name = Base; path = Base.lproj/LaunchScreen.storyboard; sourceTree = "<group>"; };
		F1DB31091D42D3DD00C7B75C /* Info.plist */ = {isa = PBXFileReference; lastKnownFileType = text.plist.xml; path = Info.plist; sourceTree = "<group>"; };
/* End PBXFileReference section */

/* Begin PBXFrameworksBuildPhase section */
		F1DB30F71D42D3DD00C7B75C /* Frameworks */ = {
			isa = PBXFrameworksBuildPhase;
			buildActionMask = 2147483647;
			files = (
			);
			runOnlyForDeploymentPostprocessing = 0;
		};
/* End PBXFrameworksBuildPhase section */

/* Begin PBXGroup section */
		F1DB30F11D42D3DD00C7B75C = {
			isa = PBXGroup;
			children = (
				F1DB30FC1D42D3DD00C7B75C /* FunFacts */,
				F1DB30FB1D42D3DD00C7B75C /* Products */,
			);
			sourceTree = "<group>";
		};
		F1DB30FB1D42D3DD00C7B75C /* Products */ = {
			isa = PBXGroup;
			children = (
				F1DB30FA1D42D3DD00C7B75C /* FunFacts.app */,
			);
			name = Products;
			sourceTree = "<group>";
		};
		F1DB30FC1D42D3DD00C7B75C /* FunFacts */ = {
			isa = PBXGroup;
			children = (
				F1DB30FD1D42D3DD00C7B75C /* AppDelegate.swift */,
				F1DB30FF1D42D3DD00C7B75C /* ViewController.swift */,
				F1DB31011D42D3DD00C7B75C /* Main.storyboard */,
				F1DB31041D42D3DD00C7B75C /* Assets.xcassets */,
				F1DB31061D42D3DD00C7B75C /* LaunchScreen.storyboard */,
				F1DB31091D42D3DD00C7B75C /* Info.plist */,
				F193C8261D48415B0018640D /* FactModel.swift */,
				F193C8281D494B480018640D /* ColorModel.swift */,
			);
			path = FunFacts;
			sourceTree = "<group>";
		};
/* End PBXGroup section */

/* Begin PBXNativeTarget section */
		F1DB30F91D42D3DD00C7B75C /* FunFacts */ = {
			isa = PBXNativeTarget;
			buildConfigurationList = F1DB310C1D42D3DD00C7B75C /* Build configuration list for PBXNativeTarget "FunFacts" */;
			buildPhases = (
				F1DB30F61D42D3DD00C7B75C /* Sources */,
				F1DB30F71D42D3DD00C7B75C /* Frameworks */,
				F1DB30F81D42D3DD00C7B75C /* Resources */,
			);
			buildRules = (
			);
			dependencies = (
			);
			name = FunFacts;
			productName = FunFacts;
			productReference = F1DB30FA1D42D3DD00C7B75C /* FunFacts.app */;
			productType = "com.apple.product-type.application";
		};
/* End PBXNativeTarget section */

/* Begin PBXProject section */
		F1DB30F21D42D3DD00C7B75C /* Project object */ = {
			isa = PBXProject;
			attributes = {
				LastSwiftUpdateCheck = 0730;
				LastUpgradeCheck = 0730;
				ORGANIZATIONNAME = "Jessica Ritter";
				TargetAttributes = {
					F1DB30F91D42D3DD00C7B75C = {
						CreatedOnToolsVersion = 7.3.1;
					};
				};
			};
			buildConfigurationList = F1DB30F51D42D3DD00C7B75C /* Build configuration list for PBXProject "FunFacts" */;
			compatibilityVersion = "Xcode 3.2";
			developmentRegion = English;
			hasScannedForEncodings = 0;
			knownRegions = (
				en,
				Base,
			);
			mainGroup = F1DB30F11D42D3DD00C7B75C;
			productRefGroup = F1DB30FB1D42D3DD00C7B75C /* Products */;
			projectDirPath = "";
			projectRoot = "";
			targets = (
				F1DB30F91D42D3DD00C7B75C /* FunFacts */,
			);
		};
/* End PBXProject section */

/* Begin PBXResourcesBuildPhase section */
		F1DB30F81D42D3DD00C7B75C /* Resources */ = {
			isa = PBXResourcesBuildPhase;
			buildActionMask = 2147483647;
			files = (
				F1DB31081D42D3DD00C7B75C /* LaunchScreen.storyboard in Resources */,
				F1DB31051D42D3DD00C7B75C /* Assets.xcassets in Resources */,
				F1DB31031D42D3DD00C7B75C /* Main.storyboard in Resources */,
			);
			runOnlyForDeploymentPostprocessing = 0;
		};
/* End PBXResourcesBuildPhase section */

/* Begin PBXSourcesBuildPhase section */
		F1DB30F61D42D3DD00C7B75C /* Sources */ = {
			isa = PBXSourcesBuildPhase;
			buildActionMask = 2147483647;
			files = (
				F193C8271D48415B0018640D /* FactModel.swift in Sources */,
				F1DB31001D42D3DD00C7B75C /* ViewController.swift in Sources */,
				F1DB30FE1D42D3DD00C7B75C /* AppDelegate.swift in Sources */,
				F193C8291D494B480018640D /* ColorModel.swift in Sources */,
			);
			runOnlyForDeploymentPostprocessing = 0;
		};
/* End PBXSourcesBuildPhase section */

/* Begin PBXVariantGroup section */
		F1DB31011D42D3DD00C7B75C /* Main.storyboard */ = {
			isa = PBXVariantGroup;
			children = (
				F1DB31021D42D3DD00C7B75C /* Base */,
			);
			name = Main.storyboard;
			sourceTree = "<group>";
		};
		F1DB31061D42D3DD00C7B75C /* LaunchScreen.storyboard */ = {
			isa = PBXVariantGroup;
			children = (
				F1DB31071D42D3DD00C7B75C /* Base */,
			);
			name = LaunchScreen.storyboard;
			sourceTree = "<group>";
		};
/* End PBXVariantGroup section */

/* Begin XCBuildConfiguration section */
		F1DB310A1D42D3DD00C7B75C /* Debug */ = {
			isa = XCBuildConfiguration;
			buildSettings = {
				ALWAYS_SEARCH_USER_PATHS = NO;
				CLANG_ANALYZER_NONNULL = YES;
				CLANG_CXX_LANGUAGE_STANDARD = "gnu++0x";
				CLANG_CXX_LIBRARY = "libc++";
				CLANG_ENABLE_MODULES = YES;
				CLANG_ENABLE_OBJC_ARC = YES;
				CLANG_WARN_BOOL_CONVERSION = YES;
				CLANG_WARN_CONSTANT_CONVERSION = YES;
				CLANG_WARN_DIRECT_OBJC_ISA_USAGE = YES_ERROR;
				CLANG_WARN_EMPTY_BODY = YES;
				CLANG_WARN_ENUM_CONVERSION = YES;
				CLANG_WARN_INT_CONVERSION = YES;
				CLANG_WARN_OBJC_ROOT_CLASS = YES_ERROR;
				CLANG_WARN_UNREACHABLE_CODE = YES;
				CLANG_WARN__DUPLICATE_METHOD_MATCH = YES;
				"CODE_SIGN_IDENTITY[sdk=iphoneos*]" = "iPhone Developer";
				COPY_PHASE_STRIP = NO;
				DEBUG_INFORMATION_FORMAT = dwarf;
				ENABLE_STRICT_OBJC_MSGSEND = YES;
				ENABLE_TESTABILITY = YES;
				GCC_C_LANGUAGE_STANDARD = gnu99;
				GCC_DYNAMIC_NO_PIC = NO;
				GCC_NO_COMMON_BLOCKS = YES;
				GCC_OPTIMIZATION_LEVEL = 0;
				GCC_PREPROCESSOR_DEFINITIONS = (
					"DEBUG=1",
					"$(inherited)",
				);
				GCC_WARN_64_TO_32_BIT_CONVERSION = YES;
				GCC_WARN_ABOUT_RETURN_TYPE = YES_ERROR;
				GCC_WARN_UNDECLARED_SELECTOR = YES;
				GCC_WARN_UNINITIALIZED_AUTOS = YES_AGGRESSIVE;
				GCC_WARN_UNUSED_FUNCTION = YES;
				GCC_WARN_UNUSED_VARIABLE = YES;
				IPHONEOS_DEPLOYMENT_TARGET = 9.3;
				MTL_ENABLE_DEBUG_INFO = YES;
				ONLY_ACTIVE_ARCH = YES;
				SDKROOT = iphoneos;
				SWIFT_OPTIMIZATION_LEVEL = "-Onone";
			};
			name = Debug;
		};
		F1DB310B1D42D3DD00C7B75C /* Release */ = {
			isa = XCBuildConfiguration;
			buildSettings = {
				ALWAYS_SEARCH_USER_PATHS = NO;
				CLANG_ANALYZER_NONNULL = YES;
				CLANG_CXX_LANGUAGE_STANDARD = "gnu++0x";
				CLANG_CXX_LIBRARY = "libc++";
				CLANG_ENABLE_MODULES = YES;
				CLANG_ENABLE_OBJC_ARC = YES;
				CLANG_WARN_BOOL_CONVERSION = YES;
				CLANG_WARN_CONSTANT_CONVERSION = YES;
				CLANG_WARN_DIRECT_OBJC_ISA_USAGE = YES_ERROR;
				CLANG_WARN_EMPTY_BODY = YES;
				CLANG_WARN_ENUM_CONVERSION = YES;
				CLANG_WARN_INT_CONVERSION = YES;
				CLANG_WARN_OBJC_ROOT_CLASS = YES_ERROR;
				CLANG_WARN_UNREACHABLE_CODE = YES;
				CLANG_WARN__DUPLICATE_METHOD_MATCH = YES;
				"CODE_SIGN_IDENTITY[sdk=iphoneos*]" = "iPhone Developer";
				COPY_PHASE_STRIP = NO;
				DEBUG_INFORMATION_FORMAT = "dwarf-with-dsym";
				ENABLE_NS_ASSERTIONS = NO;
				ENABLE_STRICT_OBJC_MSGSEND = YES;
				GCC_C_LANGUAGE_STANDARD = gnu99;
				GCC_NO_COMMON_BLOCKS = YES;
				GCC_WARN_64_TO_32_BIT_CONVERSION = YES;
				GCC_WARN_ABOUT_RETURN_TYPE = YES_ERROR;
				GCC_WARN_UNDECLARED_SELECTOR = YES;
				GCC_WARN_UNINITIALIZED_AUTOS = YES_AGGRESSIVE;
				GCC_WARN_UNUSED_FUNCTION = YES;
				GCC_WARN_UNUSED_VARIABLE = YES;
				IPHONEOS_DEPLOYMENT_TARGET = 9.3;
				MTL_ENABLE_DEBUG_INFO = NO;
				SDKROOT = iphoneos;
				VALIDATE_PRODUCT = YES;
			};
			name = Release;
		};
		F1DB310D1D42D3DD00C7B75C /* Debug */ = {
			isa = XCBuildConfiguration;
			buildSettings = {
				ASSETCATALOG_COMPILER_APPICON_NAME = AppIcon;
				INFOPLIST_FILE = FunFacts/Info.plist;
				LD_RUNPATH_SEARCH_PATHS = "$(inherited) @executable_path/Frameworks";
				PRODUCT_BUNDLE_IDENTIFIER = com.teamtreehouse.FunFacts;
				PRODUCT_NAME = "$(TARGET_NAME)";
			};
			name = Debug;
		};
		F1DB310E1D42D3DD00C7B75C /* Release */ = {
			isa = XCBuildConfiguration;
			buildSettings = {
				ASSETCATALOG_COMPILER_APPICON_NAME = AppIcon;
				INFOPLIST_FILE = FunFacts/Info.plist;
				LD_RUNPATH_SEARCH_PATHS = "$(inherited) @executable_path/Frameworks";
				PRODUCT_BUNDLE_IDENTIFIER = com.teamtreehouse.FunFacts;
				PRODUCT_NAME = "$(TARGET_NAME)";
			};
			name = Release;
		};
/* End XCBuildConfiguration section */

/* Begin XCConfigurationList section */
		F1DB30F51D42D3DD00C7B75C /* Build configuration list for PBXProject "FunFacts" */ = {
			isa = XCConfigurationList;
			buildConfigurations = (
				F1DB310A1D42D3DD00C7B75C /* Debug */,
				F1DB310B1D42D3DD00C7B75C /* Release */,
			);
			defaultConfigurationIsVisible = 0;
			defaultConfigurationName = Release;
		};
		F1DB310C1D42D3DD00C7B75C /* Build configuration list for PBXNativeTarget "FunFacts" */ = {
			isa = XCConfigurationList;
			buildConfigurations = (
				F1DB310D1D42D3DD00C7B75C /* Debug */,
				F1DB310E1D42D3DD00C7B75C /* Release */,
			);
			defaultConfigurationIsVisible = 0;
			defaultConfigurationName = Release;
		};
/* End XCConfigurationList section */
	};
	rootObject = F1DB30F21D42D3DD00C7B75C /* Project object */;
}
